// !$*UTF8*$!
{
	archiveVersion = 1;
	classes = {
	};
	objectVersion = 50;
	objects = {

/* Begin PBXBuildFile section */
		8225301774D4F0C04FE8F264 /* Pods_Parmesan.framework in Frameworks */ = {isa = PBXBuildFile; fileRef = FC086ABDAB461C44ECBD9F29 /* Pods_Parmesan.framework */; };
		ADCD9C03E392117AE78682E1 /* Pods_ParmesanTests.framework in Frameworks */ = {isa = PBXBuildFile; fileRef = E5011EDB093230B186E6FF14 /* Pods_ParmesanTests.framework */; };
		ED007CE4209AE4C50077DFFC /* AppDelegate.swift in Sources */ = {isa = PBXBuildFile; fileRef = ED007CE3209AE4C50077DFFC /* AppDelegate.swift */; };
		ED007CE6209AE4C90077DFFC /* ViewController.swift in Sources */ = {isa = PBXBuildFile; fileRef = ED007CE5209AE4C80077DFFC /* ViewController.swift */; };
		ED007CE9209AE4D80077DFFC /* Main.storyboard in Resources */ = {isa = PBXBuildFile; fileRef = ED007CE7209AE4D60077DFFC /* Main.storyboard */; };
		ED007CEB209AE64E0077DFFC /* Assets.xcassets in Resources */ = {isa = PBXBuildFile; fileRef = ED007CEA209AE64E0077DFFC /* Assets.xcassets */; };
		ED007CEE209AE64E0077DFFC /* LaunchScreen.storyboard in Resources */ = {isa = PBXBuildFile; fileRef = ED007CEC209AE64E0077DFFC /* LaunchScreen.storyboard */; };
		ED007CF9209AE6520077DFFC /* ParmesanTests.swift in Sources */ = {isa = PBXBuildFile; fileRef = ED007CF8209AE6520077DFFC /* ParmesanTests.swift */; };
		ED1711DC20A9AA66008FC5EE /* MealListViewModel.swift in Sources */ = {isa = PBXBuildFile; fileRef = ED1711DB20A9AA66008FC5EE /* MealListViewModel.swift */; };
		ED1711DF20A9AA76008FC5EE /* MealRepository.swift in Sources */ = {isa = PBXBuildFile; fileRef = ED1711DD20A9AA75008FC5EE /* MealRepository.swift */; };
		ED1711E020A9AA76008FC5EE /* MealRepositoryImpl.swift in Sources */ = {isa = PBXBuildFile; fileRef = ED1711DE20A9AA76008FC5EE /* MealRepositoryImpl.swift */; };
		ED1711E320A9AD00008FC5EE /* ApiClient.swift in Sources */ = {isa = PBXBuildFile; fileRef = ED1711E220A9AD00008FC5EE /* ApiClient.swift */; };
		ED46CE6A20A322B400F78917 /* MealsJSON.json in Resources */ = {isa = PBXBuildFile; fileRef = ED46CE6920A322B200F78917 /* MealsJSON.json */; };
		ED4E10FA209B2E59006F5583 /* MealTableViewCell.swift in Sources */ = {isa = PBXBuildFile; fileRef = ED4E10F9209B2E59006F5583 /* MealTableViewCell.swift */; };
		ED5B10A6209C2E33007042E7 /* Meal.swift in Sources */ = {isa = PBXBuildFile; fileRef = ED5B10A5209C2E33007042E7 /* Meal.swift */; };
		ED5B10AE209C40E0007042E7 /* MealTableViewController.swift in Sources */ = {isa = PBXBuildFile; fileRef = ED5B10AD209C40E0007042E7 /* MealTableViewController.swift */; };
		EDA332CA20A04A220017F4ED /* RecipeViewController.swift in Sources */ = {isa = PBXBuildFile; fileRef = EDA332C920A04A220017F4ED /* RecipeViewController.swift */; };
/* End PBXBuildFile section */

/* Begin PBXContainerItemProxy section */
		ED007CF5209AE6520077DFFC /* PBXContainerItemProxy */ = {
			isa = PBXContainerItemProxy;
			containerPortal = ED007CD8209AE4C00077DFFC /* Project object */;
			proxyType = 1;
			remoteGlobalIDString = ED007CDF209AE4C10077DFFC;
			remoteInfo = Parmesan;
		};
/* End PBXContainerItemProxy section */

/* Begin PBXFileReference section */
		67CD351CD94367026E87DDAA /* Pods-Parmesan.debug.xcconfig */ = {isa = PBXFileReference; includeInIndex = 1; lastKnownFileType = text.xcconfig; name = "Pods-Parmesan.debug.xcconfig"; path = "Pods/Target Support Files/Pods-Parmesan/Pods-Parmesan.debug.xcconfig"; sourceTree = "<group>"; };
		D42EE1DA18F53AEE20FCD39F /* Pods-ParmesanTests.release.xcconfig */ = {isa = PBXFileReference; includeInIndex = 1; lastKnownFileType = text.xcconfig; name = "Pods-ParmesanTests.release.xcconfig"; path = "Pods/Target Support Files/Pods-ParmesanTests/Pods-ParmesanTests.release.xcconfig"; sourceTree = "<group>"; };
		E04596E3792326D606AD4FB6 /* Pods-ParmesanTests.debug.xcconfig */ = {isa = PBXFileReference; includeInIndex = 1; lastKnownFileType = text.xcconfig; name = "Pods-ParmesanTests.debug.xcconfig"; path = "Pods/Target Support Files/Pods-ParmesanTests/Pods-ParmesanTests.debug.xcconfig"; sourceTree = "<group>"; };
		E5011EDB093230B186E6FF14 /* Pods_ParmesanTests.framework */ = {isa = PBXFileReference; explicitFileType = wrapper.framework; includeInIndex = 0; path = Pods_ParmesanTests.framework; sourceTree = BUILT_PRODUCTS_DIR; };
		ED007CE0209AE4C20077DFFC /* Parmesan.app */ = {isa = PBXFileReference; explicitFileType = wrapper.application; includeInIndex = 0; path = Parmesan.app; sourceTree = BUILT_PRODUCTS_DIR; };
		ED007CE3209AE4C50077DFFC /* AppDelegate.swift */ = {isa = PBXFileReference; lastKnownFileType = sourcecode.swift; path = AppDelegate.swift; sourceTree = "<group>"; };
		ED007CE5209AE4C80077DFFC /* ViewController.swift */ = {isa = PBXFileReference; lastKnownFileType = sourcecode.swift; path = ViewController.swift; sourceTree = "<group>"; };
		ED007CE8209AE4D80077DFFC /* Base */ = {isa = PBXFileReference; lastKnownFileType = file.storyboard; name = Base; path = Base.lproj/Main.storyboard; sourceTree = "<group>"; };
		ED007CEA209AE64E0077DFFC /* Assets.xcassets */ = {isa = PBXFileReference; lastKnownFileType = folder.assetcatalog; path = Assets.xcassets; sourceTree = "<group>"; };
		ED007CED209AE64E0077DFFC /* Base */ = {isa = PBXFileReference; lastKnownFileType = file.storyboard; name = Base; path = Base.lproj/LaunchScreen.storyboard; sourceTree = "<group>"; };
		ED007CEF209AE64E0077DFFC /* Info.plist */ = {isa = PBXFileReference; lastKnownFileType = text.plist.xml; path = Info.plist; sourceTree = "<group>"; };
		ED007CF4209AE6520077DFFC /* ParmesanTests.xctest */ = {isa = PBXFileReference; explicitFileType = wrapper.cfbundle; includeInIndex = 0; path = ParmesanTests.xctest; sourceTree = BUILT_PRODUCTS_DIR; };
		ED007CF8209AE6520077DFFC /* ParmesanTests.swift */ = {isa = PBXFileReference; lastKnownFileType = sourcecode.swift; path = ParmesanTests.swift; sourceTree = "<group>"; };
		ED007CFA209AE6520077DFFC /* Info.plist */ = {isa = PBXFileReference; lastKnownFileType = text.plist.xml; path = Info.plist; sourceTree = "<group>"; };
		ED1711DB20A9AA66008FC5EE /* MealListViewModel.swift */ = {isa = PBXFileReference; fileEncoding = 4; lastKnownFileType = sourcecode.swift; path = MealListViewModel.swift; sourceTree = "<group>"; };
		ED1711DD20A9AA75008FC5EE /* MealRepository.swift */ = {isa = PBXFileReference; fileEncoding = 4; lastKnownFileType = sourcecode.swift; path = MealRepository.swift; sourceTree = "<group>"; };
		ED1711DE20A9AA76008FC5EE /* MealRepositoryImpl.swift */ = {isa = PBXFileReference; fileEncoding = 4; lastKnownFileType = sourcecode.swift; path = MealRepositoryImpl.swift; sourceTree = "<group>"; };
		ED1711E220A9AD00008FC5EE /* ApiClient.swift */ = {isa = PBXFileReference; lastKnownFileType = sourcecode.swift; path = ApiClient.swift; sourceTree = "<group>"; };
		ED46CE6920A322B200F78917 /* MealsJSON.json */ = {isa = PBXFileReference; fileEncoding = 4; lastKnownFileType = text.json; path = MealsJSON.json; sourceTree = "<group>"; };
		ED4E10F9209B2E59006F5583 /* MealTableViewCell.swift */ = {isa = PBXFileReference; lastKnownFileType = sourcecode.swift; path = MealTableViewCell.swift; sourceTree = "<group>"; };
		ED5B10A5209C2E33007042E7 /* Meal.swift */ = {isa = PBXFileReference; lastKnownFileType = sourcecode.swift; path = Meal.swift; sourceTree = "<group>"; };
		ED5B10AD209C40E0007042E7 /* MealTableViewController.swift */ = {isa = PBXFileReference; lastKnownFileType = sourcecode.swift; path = MealTableViewController.swift; sourceTree = "<group>"; };
		EDA332C920A04A220017F4ED /* RecipeViewController.swift */ = {isa = PBXFileReference; lastKnownFileType = sourcecode.swift; path = RecipeViewController.swift; sourceTree = "<group>"; };
		F491E35D2772473FE3E356C0 /* Pods-Parmesan.release.xcconfig */ = {isa = PBXFileReference; includeInIndex = 1; lastKnownFileType = text.xcconfig; name = "Pods-Parmesan.release.xcconfig"; path = "Pods/Target Support Files/Pods-Parmesan/Pods-Parmesan.release.xcconfig"; sourceTree = "<group>"; };
		FC086ABDAB461C44ECBD9F29 /* Pods_Parmesan.framework */ = {isa = PBXFileReference; explicitFileType = wrapper.framework; includeInIndex = 0; path = Pods_Parmesan.framework; sourceTree = BUILT_PRODUCTS_DIR; };
/* End PBXFileReference section */

/* Begin PBXFrameworksBuildPhase section */
		ED007CDD209AE4C10077DFFC /* Frameworks */ = {
			isa = PBXFrameworksBuildPhase;
			buildActionMask = 2147483647;
			files = (
				8225301774D4F0C04FE8F264 /* Pods_Parmesan.framework in Frameworks */,
			);
			runOnlyForDeploymentPostprocessing = 0;
		};
		ED007CF1209AE6520077DFFC /* Frameworks */ = {
			isa = PBXFrameworksBuildPhase;
			buildActionMask = 2147483647;
			files = (
				ADCD9C03E392117AE78682E1 /* Pods_ParmesanTests.framework in Frameworks */,
			);
			runOnlyForDeploymentPostprocessing = 0;
		};
/* End PBXFrameworksBuildPhase section */

/* Begin PBXGroup section */
		23F58DA84854B6C9C00D6045 /* Pods */ = {
			isa = PBXGroup;
			children = (
				67CD351CD94367026E87DDAA /* Pods-Parmesan.debug.xcconfig */,
				F491E35D2772473FE3E356C0 /* Pods-Parmesan.release.xcconfig */,
				E04596E3792326D606AD4FB6 /* Pods-ParmesanTests.debug.xcconfig */,
				D42EE1DA18F53AEE20FCD39F /* Pods-ParmesanTests.release.xcconfig */,
			);
			name = Pods;
			sourceTree = "<group>";
		};
		603C100115303E98D4F5874E /* Frameworks */ = {
			isa = PBXGroup;
			children = (
				FC086ABDAB461C44ECBD9F29 /* Pods_Parmesan.framework */,
				E5011EDB093230B186E6FF14 /* Pods_ParmesanTests.framework */,
			);
			name = Frameworks;
			sourceTree = "<group>";
		};
		ED007CD7209AE4C00077DFFC = {
			isa = PBXGroup;
			children = (
				ED007CE2209AE4C30077DFFC /* Parmesan */,
				ED007CF7209AE6520077DFFC /* ParmesanTests */,
				ED007CE1209AE4C20077DFFC /* Products */,
				23F58DA84854B6C9C00D6045 /* Pods */,
				603C100115303E98D4F5874E /* Frameworks */,
			);
			sourceTree = "<group>";
		};
		ED007CE1209AE4C20077DFFC /* Products */ = {
			isa = PBXGroup;
			children = (
				ED007CE0209AE4C20077DFFC /* Parmesan.app */,
				ED007CF4209AE6520077DFFC /* ParmesanTests.xctest */,
			);
			name = Products;
			sourceTree = "<group>";
		};
		ED007CE2209AE4C30077DFFC /* Parmesan */ = {
			isa = PBXGroup;
			children = (
				ED1711E120A9AC18008FC5EE /* Network */,
				EDABB71120A94D8A00C50BFE /* View */,
				EDABB71020A94D4E00C50BFE /* ViewModel */,
				EDABB70E20A94D1000C50BFE /* Repository */,
				EDABB70D20A94CFB00C50BFE /* Model */,
				ED46CE6920A322B200F78917 /* MealsJSON.json */,
				ED007CE3209AE4C50077DFFC /* AppDelegate.swift */,
				ED007CEA209AE64E0077DFFC /* Assets.xcassets */,
				ED007CEF209AE64E0077DFFC /* Info.plist */,
			);
			path = Parmesan;
			sourceTree = "<group>";
		};
		ED007CF7209AE6520077DFFC /* ParmesanTests */ = {
			isa = PBXGroup;
			children = (
				ED007CF8209AE6520077DFFC /* ParmesanTests.swift */,
				ED007CFA209AE6520077DFFC /* Info.plist */,
			);
			path = ParmesanTests;
			sourceTree = "<group>";
		};
		ED1711E120A9AC18008FC5EE /* Network */ = {
			isa = PBXGroup;
			children = (
				ED1711E220A9AD00008FC5EE /* ApiClient.swift */,
			);
			name = Network;
			path = Parmesan/Network;
			sourceTree = SOURCE_ROOT;
		};
		EDABB70D20A94CFB00C50BFE /* Model */ = {
			isa = PBXGroup;
			children = (
				ED5B10A5209C2E33007042E7 /* Meal.swift */,
			);
			path = Model;
			sourceTree = "<group>";
		};
		EDABB70E20A94D1000C50BFE /* Repository */ = {
			isa = PBXGroup;
			children = (
				ED1711DD20A9AA75008FC5EE /* MealRepository.swift */,
				ED1711DE20A9AA76008FC5EE /* MealRepositoryImpl.swift */,
			);
			name = Repository;
			path = Parmesan/Repository;
			sourceTree = SOURCE_ROOT;
		};
		EDABB71020A94D4E00C50BFE /* ViewModel */ = {
			isa = PBXGroup;
			children = (
				ED1711DB20A9AA66008FC5EE /* MealListViewModel.swift */,
			);
			name = ViewModel;
			path = Parmesan/ViewModel;
			sourceTree = SOURCE_ROOT;
		};
		EDABB71120A94D8A00C50BFE /* View */ = {
			isa = PBXGroup;
			children = (
				ED4E10F9209B2E59006F5583 /* MealTableViewCell.swift */,
				ED007CE5209AE4C80077DFFC /* ViewController.swift */,
				EDA332C920A04A220017F4ED /* RecipeViewController.swift */,
				ED5B10AD209C40E0007042E7 /* MealTableViewController.swift */,
				ED007CEC209AE64E0077DFFC /* LaunchScreen.storyboard */,
				ED007CE7209AE4D60077DFFC /* Main.storyboard */,
			);
			path = View;
			sourceTree = "<group>";
		};
/* End PBXGroup section */

/* Begin PBXNativeTarget section */
		ED007CDF209AE4C10077DFFC /* Parmesan */ = {
			isa = PBXNativeTarget;
			buildConfigurationList = ED007CFD209AE6520077DFFC /* Build configuration list for PBXNativeTarget "Parmesan" */;
			buildPhases = (
				31A28ACA14E54778B63ED375 /* [CP] Check Pods Manifest.lock */,
				ED007CDC209AE4C10077DFFC /* Sources */,
				ED007CDD209AE4C10077DFFC /* Frameworks */,
				ED007CDE209AE4C10077DFFC /* Resources */,
				0604C2D8A6C2180FFB357B60 /* [CP] Embed Pods Frameworks */,
			);
			buildRules = (
			);
			dependencies = (
			);
			name = Parmesan;
			productName = Parmesan;
			productReference = ED007CE0209AE4C20077DFFC /* Parmesan.app */;
			productType = "com.apple.product-type.application";
		};
		ED007CF3209AE6520077DFFC /* ParmesanTests */ = {
			isa = PBXNativeTarget;
			buildConfigurationList = ED007D00209AE6520077DFFC /* Build configuration list for PBXNativeTarget "ParmesanTests" */;
			buildPhases = (
				2E19BE57A32B5A0665415B88 /* [CP] Check Pods Manifest.lock */,
				ED007CF0209AE6520077DFFC /* Sources */,
				ED007CF1209AE6520077DFFC /* Frameworks */,
				ED007CF2209AE6520077DFFC /* Resources */,
			);
			buildRules = (
			);
			dependencies = (
				ED007CF6209AE6520077DFFC /* PBXTargetDependency */,
			);
			name = ParmesanTests;
			productName = ParmesanTests;
			productReference = ED007CF4209AE6520077DFFC /* ParmesanTests.xctest */;
			productType = "com.apple.product-type.bundle.unit-test";
		};
/* End PBXNativeTarget section */

/* Begin PBXProject section */
		ED007CD8209AE4C00077DFFC /* Project object */ = {
			isa = PBXProject;
			attributes = {
				LastSwiftUpdateCheck = 0930;
				LastUpgradeCheck = 0930;
				ORGANIZATIONNAME = DVT;
				TargetAttributes = {
					ED007CDF209AE4C10077DFFC = {
						CreatedOnToolsVersion = 9.3;
					};
					ED007CF3209AE6520077DFFC = {
						CreatedOnToolsVersion = 9.3;
						TestTargetID = ED007CDF209AE4C10077DFFC;
					};
				};
			};
			buildConfigurationList = ED007CDB209AE4C00077DFFC /* Build configuration list for PBXProject "Parmesan" */;
			compatibilityVersion = "Xcode 9.3";
			developmentRegion = en;
			hasScannedForEncodings = 0;
			knownRegions = (
				en,
				Base,
			);
			mainGroup = ED007CD7209AE4C00077DFFC;
			productRefGroup = ED007CE1209AE4C20077DFFC /* Products */;
			projectDirPath = "";
			projectRoot = "";
			targets = (
				ED007CDF209AE4C10077DFFC /* Parmesan */,
				ED007CF3209AE6520077DFFC /* ParmesanTests */,
			);
		};
/* End PBXProject section */

/* Begin PBXResourcesBuildPhase section */
		ED007CDE209AE4C10077DFFC /* Resources */ = {
			isa = PBXResourcesBuildPhase;
			buildActionMask = 2147483647;
			files = (
				ED007CEE209AE64E0077DFFC /* LaunchScreen.storyboard in Resources */,
				ED007CEB209AE64E0077DFFC /* Assets.xcassets in Resources */,
				ED46CE6A20A322B400F78917 /* MealsJSON.json in Resources */,
				ED007CE9209AE4D80077DFFC /* Main.storyboard in Resources */,
			);
			runOnlyForDeploymentPostprocessing = 0;
		};
		ED007CF2209AE6520077DFFC /* Resources */ = {
			isa = PBXResourcesBuildPhase;
			buildActionMask = 2147483647;
			files = (
			);
			runOnlyForDeploymentPostprocessing = 0;
		};
/* End PBXResourcesBuildPhase section */

/* Begin PBXShellScriptBuildPhase section */
		0604C2D8A6C2180FFB357B60 /* [CP] Embed Pods Frameworks */ = {
			isa = PBXShellScriptBuildPhase;
			buildActionMask = 2147483647;
			files = (
			);
			inputPaths = (
				"${SRCROOT}/Pods/Target Support Files/Pods-Parmesan/Pods-Parmesan-frameworks.sh",
				"${BUILT_PRODUCTS_DIR}/Alamofire/Alamofire.framework",
			);
			name = "[CP] Embed Pods Frameworks";
			outputPaths = (
				"${TARGET_BUILD_DIR}/${FRAMEWORKS_FOLDER_PATH}/Alamofire.framework",
			);
			runOnlyForDeploymentPostprocessing = 0;
			shellPath = /bin/sh;
			shellScript = "\"${SRCROOT}/Pods/Target Support Files/Pods-Parmesan/Pods-Parmesan-frameworks.sh\"\n";
			showEnvVarsInLog = 0;
		};
		2E19BE57A32B5A0665415B88 /* [CP] Check Pods Manifest.lock */ = {
			isa = PBXShellScriptBuildPhase;
			buildActionMask = 2147483647;
			files = (
			);
			inputPaths = (
				"${PODS_PODFILE_DIR_PATH}/Podfile.lock",
				"${PODS_ROOT}/Manifest.lock",
			);
			name = "[CP] Check Pods Manifest.lock";
			outputPaths = (
				"$(DERIVED_FILE_DIR)/Pods-ParmesanTests-checkManifestLockResult.txt",
			);
			runOnlyForDeploymentPostprocessing = 0;
			shellPath = /bin/sh;
			shellScript = "diff \"${PODS_PODFILE_DIR_PATH}/Podfile.lock\" \"${PODS_ROOT}/Manifest.lock\" > /dev/null\nif [ $? != 0 ] ; then\n    # print error to STDERR\n    echo \"error: The sandbox is not in sync with the Podfile.lock. Run 'pod install' or update your CocoaPods installation.\" >&2\n    exit 1\nfi\n# This output is used by Xcode 'outputs' to avoid re-running this script phase.\necho \"SUCCESS\" > \"${SCRIPT_OUTPUT_FILE_0}\"\n";
			showEnvVarsInLog = 0;
		};
		31A28ACA14E54778B63ED375 /* [CP] Check Pods Manifest.lock */ = {
			isa = PBXShellScriptBuildPhase;
			buildActionMask = 2147483647;
			files = (
			);
			inputPaths = (
				"${PODS_PODFILE_DIR_PATH}/Podfile.lock",
				"${PODS_ROOT}/Manifest.lock",
			);
			name = "[CP] Check Pods Manifest.lock";
			outputPaths = (
				"$(DERIVED_FILE_DIR)/Pods-Parmesan-checkManifestLockResult.txt",
			);
			runOnlyForDeploymentPostprocessing = 0;
			shellPath = /bin/sh;
			shellScript = "diff \"${PODS_PODFILE_DIR_PATH}/Podfile.lock\" \"${PODS_ROOT}/Manifest.lock\" > /dev/null\nif [ $? != 0 ] ; then\n    # print error to STDERR\n    echo \"error: The sandbox is not in sync with the Podfile.lock. Run 'pod install' or update your CocoaPods installation.\" >&2\n    exit 1\nfi\n# This output is used by Xcode 'outputs' to avoid re-running this script phase.\necho \"SUCCESS\" > \"${SCRIPT_OUTPUT_FILE_0}\"\n";
			showEnvVarsInLog = 0;
		};
/* End PBXShellScriptBuildPhase section */

/* Begin PBXSourcesBuildPhase section */
		ED007CDC209AE4C10077DFFC /* Sources */ = {
			isa = PBXSourcesBuildPhase;
			buildActionMask = 2147483647;
			files = (
				ED5B10AE209C40E0007042E7 /* MealTableViewController.swift in Sources */,
				ED5B10A6209C2E33007042E7 /* Meal.swift in Sources */,
				ED1711DC20A9AA66008FC5EE /* MealListViewModel.swift in Sources */,
				EDA332CA20A04A220017F4ED /* RecipeViewController.swift in Sources */,
				ED007CE6209AE4C90077DFFC /* ViewController.swift in Sources */,
				ED007CE4209AE4C50077DFFC /* AppDelegate.swift in Sources */,
				ED1711DF20A9AA76008FC5EE /* MealRepository.swift in Sources */,
				ED1711E020A9AA76008FC5EE /* MealRepositoryImpl.swift in Sources */,
				ED4E10FA209B2E59006F5583 /* MealTableViewCell.swift in Sources */,
				ED1711E320A9AD00008FC5EE /* ApiClient.swift in Sources */,
			);
			runOnlyForDeploymentPostprocessing = 0;
		};
		ED007CF0209AE6520077DFFC /* Sources */ = {
			isa = PBXSourcesBuildPhase;
			buildActionMask = 2147483647;
			files = (
				ED007CF9209AE6520077DFFC /* ParmesanTests.swift in Sources */,
			);
			runOnlyForDeploymentPostprocessing = 0;
		};
/* End PBXSourcesBuildPhase section */

/* Begin PBXTargetDependency section */
		ED007CF6209AE6520077DFFC /* PBXTargetDependency */ = {
			isa = PBXTargetDependency;
			target = ED007CDF209AE4C10077DFFC /* Parmesan */;
			targetProxy = ED007CF5209AE6520077DFFC /* PBXContainerItemProxy */;
		};
/* End PBXTargetDependency section */

/* Begin PBXVariantGroup section */
		ED007CE7209AE4D60077DFFC /* Main.storyboard */ = {
			isa = PBXVariantGroup;
			children = (
				ED007CE8209AE4D80077DFFC /* Base */,
			);
			name = Main.storyboard;
			sourceTree = "<group>";
		};
		ED007CEC209AE64E0077DFFC /* LaunchScreen.storyboard */ = {
			isa = PBXVariantGroup;
			children = (
				ED007CED209AE64E0077DFFC /* Base */,
			);
			name = LaunchScreen.storyboard;
			sourceTree = "<group>";
		};
/* End PBXVariantGroup section */

/* Begin XCBuildConfiguration section */
		ED007CFB209AE6520077DFFC /* Debug */ = {
			isa = XCBuildConfiguration;
			buildSettings = {
				ALWAYS_SEARCH_USER_PATHS = NO;
				CLANG_ANALYZER_NONNULL = YES;
				CLANG_ANALYZER_NUMBER_OBJECT_CONVERSION = YES_AGGRESSIVE;
				CLANG_CXX_LANGUAGE_STANDARD = "gnu++14";
				CLANG_CXX_LIBRARY = "libc++";
				CLANG_ENABLE_MODULES = YES;
				CLANG_ENABLE_OBJC_ARC = YES;
				CLANG_ENABLE_OBJC_WEAK = YES;
				CLANG_WARN_BLOCK_CAPTURE_AUTORELEASING = YES;
				CLANG_WARN_BOOL_CONVERSION = YES;
				CLANG_WARN_COMMA = YES;
				CLANG_WARN_CONSTANT_CONVERSION = YES;
				CLANG_WARN_DEPRECATED_OBJC_IMPLEMENTATIONS = YES;
				CLANG_WARN_DIRECT_OBJC_ISA_USAGE = YES_ERROR;
				CLANG_WARN_DOCUMENTATION_COMMENTS = YES;
				CLANG_WARN_EMPTY_BODY = YES;
				CLANG_WARN_ENUM_CONVERSION = YES;
				CLANG_WARN_INFINITE_RECURSION = YES;
				CLANG_WARN_INT_CONVERSION = YES;
				CLANG_WARN_NON_LITERAL_NULL_CONVERSION = YES;
				CLANG_WARN_OBJC_IMPLICIT_RETAIN_SELF = YES;
				CLANG_WARN_OBJC_LITERAL_CONVERSION = YES;
				CLANG_WARN_OBJC_ROOT_CLASS = YES_ERROR;
				CLANG_WARN_RANGE_LOOP_ANALYSIS = YES;
				CLANG_WARN_STRICT_PROTOTYPES = YES;
				CLANG_WARN_SUSPICIOUS_MOVE = YES;
				CLANG_WARN_UNGUARDED_AVAILABILITY = YES_AGGRESSIVE;
				CLANG_WARN_UNREACHABLE_CODE = YES;
				CLANG_WARN__DUPLICATE_METHOD_MATCH = YES;
				CODE_SIGN_IDENTITY = "iPhone Developer";
				COPY_PHASE_STRIP = NO;
				DEBUG_INFORMATION_FORMAT = dwarf;
				ENABLE_STRICT_OBJC_MSGSEND = YES;
				ENABLE_TESTABILITY = YES;
				GCC_C_LANGUAGE_STANDARD = gnu11;
				GCC_DYNAMIC_NO_PIC = NO;
				GCC_NO_COMMON_BLOCKS = YES;
				GCC_OPTIMIZATION_LEVEL = 0;
				GCC_PREPROCESSOR_DEFINITIONS = (
					"DEBUG=1",
					"$(inherited)",
				);
				GCC_WARN_64_TO_32_BIT_CONVERSION = YES;
				GCC_WARN_ABOUT_RETURN_TYPE = YES_ERROR;
				GCC_WARN_UNDECLARED_SELECTOR = YES;
				GCC_WARN_UNINITIALIZED_AUTOS = YES_AGGRESSIVE;
				GCC_WARN_UNUSED_FUNCTION = YES;
				GCC_WARN_UNUSED_VARIABLE = YES;
				IPHONEOS_DEPLOYMENT_TARGET = 11.3;
				MTL_ENABLE_DEBUG_INFO = YES;
				ONLY_ACTIVE_ARCH = YES;
				SDKROOT = iphoneos;
				SWIFT_ACTIVE_COMPILATION_CONDITIONS = DEBUG;
				SWIFT_OPTIMIZATION_LEVEL = "-Onone";
			};
			name = Debug;
		};
		ED007CFC209AE6520077DFFC /* Release */ = {
			isa = XCBuildConfiguration;
			buildSettings = {
				ALWAYS_SEARCH_USER_PATHS = NO;
				CLANG_ANALYZER_NONNULL = YES;
				CLANG_ANALYZER_NUMBER_OBJECT_CONVERSION = YES_AGGRESSIVE;
				CLANG_CXX_LANGUAGE_STANDARD = "gnu++14";
				CLANG_CXX_LIBRARY = "libc++";
				CLANG_ENABLE_MODULES = YES;
				CLANG_ENABLE_OBJC_ARC = YES;
				CLANG_ENABLE_OBJC_WEAK = YES;
				CLANG_WARN_BLOCK_CAPTURE_AUTORELEASING = YES;
				CLANG_WARN_BOOL_CONVERSION = YES;
				CLANG_WARN_COMMA = YES;
				CLANG_WARN_CONSTANT_CONVERSION = YES;
				CLANG_WARN_DEPRECATED_OBJC_IMPLEMENTATIONS = YES;
				CLANG_WARN_DIRECT_OBJC_ISA_USAGE = YES_ERROR;
				CLANG_WARN_DOCUMENTATION_COMMENTS = YES;
				CLANG_WARN_EMPTY_BODY = YES;
				CLANG_WARN_ENUM_CONVERSION = YES;
				CLANG_WARN_INFINITE_RECURSION = YES;
				CLANG_WARN_INT_CONVERSION = YES;
				CLANG_WARN_NON_LITERAL_NULL_CONVERSION = YES;
				CLANG_WARN_OBJC_IMPLICIT_RETAIN_SELF = YES;
				CLANG_WARN_OBJC_LITERAL_CONVERSION = YES;
				CLANG_WARN_OBJC_ROOT_CLASS = YES_ERROR;
				CLANG_WARN_RANGE_LOOP_ANALYSIS = YES;
				CLANG_WARN_STRICT_PROTOTYPES = YES;
				CLANG_WARN_SUSPICIOUS_MOVE = YES;
				CLANG_WARN_UNGUARDED_AVAILABILITY = YES_AGGRESSIVE;
				CLANG_WARN_UNREACHABLE_CODE = YES;
				CLANG_WARN__DUPLICATE_METHOD_MATCH = YES;
				CODE_SIGN_IDENTITY = "iPhone Developer";
				COPY_PHASE_STRIP = NO;
				DEBUG_INFORMATION_FORMAT = "dwarf-with-dsym";
				ENABLE_NS_ASSERTIONS = NO;
				ENABLE_STRICT_OBJC_MSGSEND = YES;
				GCC_C_LANGUAGE_STANDARD = gnu11;
				GCC_NO_COMMON_BLOCKS = YES;
				GCC_WARN_64_TO_32_BIT_CONVERSION = YES;
				GCC_WARN_ABOUT_RETURN_TYPE = YES_ERROR;
				GCC_WARN_UNDECLARED_SELECTOR = YES;
				GCC_WARN_UNINITIALIZED_AUTOS = YES_AGGRESSIVE;
				GCC_WARN_UNUSED_FUNCTION = YES;
				GCC_WARN_UNUSED_VARIABLE = YES;
				IPHONEOS_DEPLOYMENT_TARGET = 11.3;
				MTL_ENABLE_DEBUG_INFO = NO;
				SDKROOT = iphoneos;
				SWIFT_COMPILATION_MODE = wholemodule;
				SWIFT_OPTIMIZATION_LEVEL = "-O";
				VALIDATE_PRODUCT = YES;
			};
			name = Release;
		};
		ED007CFE209AE6520077DFFC /* Debug */ = {
			isa = XCBuildConfiguration;
			baseConfigurationReference = 67CD351CD94367026E87DDAA /* Pods-Parmesan.debug.xcconfig */;
			buildSettings = {
				ASSETCATALOG_COMPILER_APPICON_NAME = AppIcon;
				CODE_SIGN_STYLE = Automatic;
				DEVELOPMENT_TEAM = 32SW49WJ9T;
				INFOPLIST_FILE = Parmesan/Info.plist;
				IPHONEOS_DEPLOYMENT_TARGET = 11.3;
				LD_RUNPATH_SEARCH_PATHS = (
					"$(inherited)",
					"@executable_path/Frameworks",
				);
				PRODUCT_BUNDLE_IDENTIFIER = za.co.dvt.Parmesan;
				PRODUCT_NAME = "$(TARGET_NAME)";
				SWIFT_VERSION = 4.0;
				TARGETED_DEVICE_FAMILY = 1;
			};
			name = Debug;
		};
		ED007CFF209AE6520077DFFC /* Release */ = {
			isa = XCBuildConfiguration;
			baseConfigurationReference = F491E35D2772473FE3E356C0 /* Pods-Parmesan.release.xcconfig */;
			buildSettings = {
				ASSETCATALOG_COMPILER_APPICON_NAME = AppIcon;
				CODE_SIGN_STYLE = Automatic;
				DEVELOPMENT_TEAM = 32SW49WJ9T;
				INFOPLIST_FILE = Parmesan/Info.plist;
				IPHONEOS_DEPLOYMENT_TARGET = 11.3;
				LD_RUNPATH_SEARCH_PATHS = (
					"$(inherited)",
					"@executable_path/Frameworks",
				);
				PRODUCT_BUNDLE_IDENTIFIER = za.co.dvt.Parmesan;
				PRODUCT_NAME = "$(TARGET_NAME)";
				SWIFT_VERSION = 4.0;
				TARGETED_DEVICE_FAMILY = 1;
			};
			name = Release;
		};
		ED007D01209AE6520077DFFC /* Debug */ = {
			isa = XCBuildConfiguration;
			baseConfigurationReference = E04596E3792326D606AD4FB6 /* Pods-ParmesanTests.debug.xcconfig */;
			buildSettings = {
				ALWAYS_EMBED_SWIFT_STANDARD_LIBRARIES = YES;
				BUNDLE_LOADER = "$(TEST_HOST)";
				CODE_SIGN_STYLE = Automatic;
				DEVELOPMENT_TEAM = GLK7J5PP82;
				INFOPLIST_FILE = ParmesanTests/Info.plist;
				LD_RUNPATH_SEARCH_PATHS = (
					"$(inherited)",
					"@executable_path/Frameworks",
					"@loader_path/Frameworks",
				);
				PRODUCT_BUNDLE_IDENTIFIER = za.co.dvt.ParmesanTests;
				PRODUCT_NAME = "$(TARGET_NAME)";
				SWIFT_VERSION = 4.0;
				TARGETED_DEVICE_FAMILY = "1,2";
				TEST_HOST = "$(BUILT_PRODUCTS_DIR)/Parmesan.app/Parmesan";
			};
			name = Debug;
		};
		ED007D02209AE6520077DFFC /* Release */ = {
			isa = XCBuildConfiguration;
			baseConfigurationReference = D42EE1DA18F53AEE20FCD39F /* Pods-ParmesanTests.release.xcconfig */;
			buildSettings = {
				ALWAYS_EMBED_SWIFT_STANDARD_LIBRARIES = YES;
				BUNDLE_LOADER = "$(TEST_HOST)";
				CODE_SIGN_STYLE = Automatic;
				DEVELOPMENT_TEAM = GLK7J5PP82;
				INFOPLIST_FILE = ParmesanTests/Info.plist;
				LD_RUNPATH_SEARCH_PATHS = (
					"$(inherited)",
					"@executable_path/Frameworks",
					"@loader_path/Frameworks",
				);
				PRODUCT_BUNDLE_IDENTIFIER = za.co.dvt.ParmesanTests;
				PRODUCT_NAME = "$(TARGET_NAME)";
				SWIFT_VERSION = 4.0;
				TARGETED_DEVICE_FAMILY = "1,2";
				TEST_HOST = "$(BUILT_PRODUCTS_DIR)/Parmesan.app/Parmesan";
			};
			name = Release;
		};
/* End XCBuildConfiguration section */

/* Begin XCConfigurationList section */
		ED007CDB209AE4C00077DFFC /* Build configuration list for PBXProject "Parmesan" */ = {
			isa = XCConfigurationList;
			buildConfigurations = (
				ED007CFB209AE6520077DFFC /* Debug */,
				ED007CFC209AE6520077DFFC /* Release */,
			);
			defaultConfigurationIsVisible = 0;
			defaultConfigurationName = Release;
		};
		ED007CFD209AE6520077DFFC /* Build configuration list for PBXNativeTarget "Parmesan" */ = {
			isa = XCConfigurationList;
			buildConfigurations = (
				ED007CFE209AE6520077DFFC /* Debug */,
				ED007CFF209AE6520077DFFC /* Release */,
			);
			defaultConfigurationIsVisible = 0;
			defaultConfigurationName = Release;
		};
		ED007D00209AE6520077DFFC /* Build configuration list for PBXNativeTarget "ParmesanTests" */ = {
			isa = XCConfigurationList;
			buildConfigurations = (
				ED007D01209AE6520077DFFC /* Debug */,
				ED007D02209AE6520077DFFC /* Release */,
			);
			defaultConfigurationIsVisible = 0;
			defaultConfigurationName = Release;
		};
/* End XCConfigurationList section */
	};
	rootObject = ED007CD8209AE4C00077DFFC /* Project object */;
}
